
Microsoft Visual Studio Solution File, Format Version 12.00
# Visual Studio Version 17
VisualStudioVersion = 17.0.32014.148
MinimumVisualStudioVersion = 10.0.40219.1
Project("{FAE04EC0-301F-11D3-BF4B-00C04F79EFBC}") = "Bet.API", "Bet.API\Bet.API.csproj", "{82334D50-2A01-45B0-902B-B6E48323975A}"
EndProject
Project("{FAE04EC0-301F-11D3-BF4B-00C04F79EFBC}") = "Bet.Domain", "Bet.Domain\Bet.Domain.csproj", "{9881AAFA-2028-4D9F-8103-68BC23F62110}"
EndProject
Project("{FAE04EC0-301F-11D3-BF4B-00C04F79EFBC}") = "Bet.Infrastructure", "Bet.Infrastructure\Bet.Infrastructure.csproj", "{EAAB8873-BE3D-4B3D-9E97-3CCE99052600}"
EndProject
Global
	GlobalSection(SolutionConfigurationPlatforms) = preSolution
		Debug|Any CPU = Debug|Any CPU
		Release|Any CPU = Release|Any CPU
	EndGlobalSection
	GlobalSection(ProjectConfigurationPlatforms) = postSolution
		{82334D50-2A01-45B0-902B-B6E48323975A}.Debug|Any CPU.ActiveCfg = Debug|Any CPU
		{82334D50-2A01-45B0-902B-B6E48323975A}.Debug|Any CPU.Build.0 = Debug|Any CPU
		{82334D50-2A01-45B0-902B-B6E48323975A}.Release|Any CPU.ActiveCfg = Release|Any CPU
		{82334D50-2A01-45B0-902B-B6E48323975A}.Release|Any CPU.Build.0 = Release|Any CPU
		{9881AAFA-2028-4D9F-8103-68BC23F62110}.Debug|Any CPU.ActiveCfg = Debug|Any CPU
		{9881AAFA-2028-4D9F-8103-68BC23F62110}.Debug|Any CPU.Build.0 = Debug|Any CPU
		{9881AAFA-2028-4D9F-8103-68BC23F62110}.Release|Any CPU.ActiveCfg = Release|Any CPU
		{9881AAFA-2028-4D9F-8103-68BC23F62110}.Release|Any CPU.Build.0 = Release|Any CPU
		{EAAB8873-BE3D-4B3D-9E97-3CCE99052600}.Debug|Any CPU.ActiveCfg = Debug|Any CPU
		{EAAB8873-BE3D-4B3D-9E97-3CCE99052600}.Debug|Any CPU.Build.0 = Debug|Any CPU
		{EAAB8873-BE3D-4B3D-9E97-3CCE99052600}.Release|Any CPU.ActiveCfg = Release|Any CPU
		{EAAB8873-BE3D-4B3D-9E97-3CCE99052600}.Release|Any CPU.Build.0 = Release|Any CPU
	EndGlobalSection
	GlobalSection(SolutionProperties) = preSolution
		HideSolutionNode = FALSE
	EndGlobalSection
	GlobalSection(ExtensibilityGlobals) = postSolution
		SolutionGuid = {576F9D6A-C583-4460-89AB-CBD4FA376F3E}
	EndGlobalSection
EndGlobal
